
Microsoft Visual Studio Solution File, Format Version 12.00
# Visual Studio Version 17
VisualStudioVersion = 17.13.35825.156
MinimumVisualStudioVersion = 10.0.40219.1
Project("{FAE04EC0-301F-11D3-BF4B-00C04F79EFBC}") = "LRSCard.CurrencyService.API", "src\LRSCard.CurrencyService.API\LRSCard.CurrencyService.API.csproj", "{399E89AF-E6BA-A292-AB76-784C0E56DC7F}"
EndProject
Project("{FAE04EC0-301F-11D3-BF4B-00C04F79EFBC}") = "LRSCard.CurrencyService.Application", "src\LRSCard.CurrencyService.Application\LRSCard.CurrencyService.Application.csproj", "{617B6C53-AF36-469E-9532-004957D27FBB}"
EndProject
Project("{FAE04EC0-301F-11D3-BF4B-00C04F79EFBC}") = "LRSCard.CurrencyService.Domain", "src\LRSCard.CurrencyService.Domain\LRSCard.CurrencyService.Domain.csproj", "{B6DFF607-503A-47B6-8A99-AD2BB3FB937B}"
EndProject
Project("{FAE04EC0-301F-11D3-BF4B-00C04F79EFBC}") = "LRSCard.CurrencyService.Infrastructure", "src\LRSCard.CurrencyService.Infrastructure\LRSCard.CurrencyService.Infrastructure.csproj", "{65631F1E-C8F9-4FEF-8CE9-17990F2A9D42}"
EndProject
Project("{FAE04EC0-301F-11D3-BF4B-00C04F79EFBC}") = "LRSCard.CurrencyService.Tests", "src\LRSCard.CurrencyService.Tests\LRSCard.CurrencyService.Tests.csproj", "{16A20B38-4427-4129-B82D-9EA811423BFE}"
EndProject
Global
	GlobalSection(SolutionConfigurationPlatforms) = preSolution
		Debug|Any CPU = Debug|Any CPU
		Release|Any CPU = Release|Any CPU
	EndGlobalSection
	GlobalSection(ProjectConfigurationPlatforms) = postSolution
		{399E89AF-E6BA-A292-AB76-784C0E56DC7F}.Debug|Any CPU.ActiveCfg = Debug|Any CPU
		{399E89AF-E6BA-A292-AB76-784C0E56DC7F}.Debug|Any CPU.Build.0 = Debug|Any CPU
		{399E89AF-E6BA-A292-AB76-784C0E56DC7F}.Release|Any CPU.ActiveCfg = Release|Any CPU
		{399E89AF-E6BA-A292-AB76-784C0E56DC7F}.Release|Any CPU.Build.0 = Release|Any CPU
		{617B6C53-AF36-469E-9532-004957D27FBB}.Debug|Any CPU.ActiveCfg = Debug|Any CPU
		{617B6C53-AF36-469E-9532-004957D27FBB}.Debug|Any CPU.Build.0 = Debug|Any CPU
		{617B6C53-AF36-469E-9532-004957D27FBB}.Release|Any CPU.ActiveCfg = Release|Any CPU
		{617B6C53-AF36-469E-9532-004957D27FBB}.Release|Any CPU.Build.0 = Release|Any CPU
		{B6DFF607-503A-47B6-8A99-AD2BB3FB937B}.Debug|Any CPU.ActiveCfg = Debug|Any CPU
		{B6DFF607-503A-47B6-8A99-AD2BB3FB937B}.Debug|Any CPU.Build.0 = Debug|Any CPU
		{B6DFF607-503A-47B6-8A99-AD2BB3FB937B}.Release|Any CPU.ActiveCfg = Release|Any CPU
		{B6DFF607-503A-47B6-8A99-AD2BB3FB937B}.Release|Any CPU.Build.0 = Release|Any CPU
		{65631F1E-C8F9-4FEF-8CE9-17990F2A9D42}.Debug|Any CPU.ActiveCfg = Debug|Any CPU
		{65631F1E-C8F9-4FEF-8CE9-17990F2A9D42}.Debug|Any CPU.Build.0 = Debug|Any CPU
		{65631F1E-C8F9-4FEF-8CE9-17990F2A9D42}.Release|Any CPU.ActiveCfg = Release|Any CPU
		{65631F1E-C8F9-4FEF-8CE9-17990F2A9D42}.Release|Any CPU.Build.0 = Release|Any CPU
		{16A20B38-4427-4129-B82D-9EA811423BFE}.Debug|Any CPU.ActiveCfg = Debug|Any CPU
		{16A20B38-4427-4129-B82D-9EA811423BFE}.Debug|Any CPU.Build.0 = Debug|Any CPU
		{16A20B38-4427-4129-B82D-9EA811423BFE}.Release|Any CPU.ActiveCfg = Release|Any CPU
		{16A20B38-4427-4129-B82D-9EA811423BFE}.Release|Any CPU.Build.0 = Release|Any CPU
	EndGlobalSection
	GlobalSection(SolutionProperties) = preSolution
		HideSolutionNode = FALSE
	EndGlobalSection
	GlobalSection(ExtensibilityGlobals) = postSolution
		SolutionGuid = {076A3144-4B97-4CCE-BBF2-8C3540F8836F}
	EndGlobalSection
EndGlobal
